// !$*UTF8*$!
{
	archiveVersion = 1;
	classes = {
	};
	objectVersion = 50;
	objects = {

/* Begin PBXBuildFile section */
		D3049F59218DF08600805854 /* AppDelegate.swift in Sources */ = {isa = PBXBuildFile; fileRef = D3049F58218DF08600805854 /* AppDelegate.swift */; };
		D3049F5B218DF08600805854 /* ViewController.swift in Sources */ = {isa = PBXBuildFile; fileRef = D3049F5A218DF08600805854 /* ViewController.swift */; };
		D3049F5E218DF08600805854 /* Main.storyboard in Resources */ = {isa = PBXBuildFile; fileRef = D3049F5C218DF08600805854 /* Main.storyboard */; };
		D3049F60218DF08B00805854 /* Assets.xcassets in Resources */ = {isa = PBXBuildFile; fileRef = D3049F5F218DF08B00805854 /* Assets.xcassets */; };
		D3049F63218DF08B00805854 /* LaunchScreen.storyboard in Resources */ = {isa = PBXBuildFile; fileRef = D3049F61218DF08B00805854 /* LaunchScreen.storyboard */; };
		D3049F6E218DF08B00805854 /* Sample01Tests.swift in Sources */ = {isa = PBXBuildFile; fileRef = D3049F6D218DF08B00805854 /* Sample01Tests.swift */; };
		D3049F79218DF08B00805854 /* Sample01UITests.swift in Sources */ = {isa = PBXBuildFile; fileRef = D3049F78218DF08B00805854 /* Sample01UITests.swift */; };
/* End PBXBuildFile section */

/* Begin PBXContainerItemProxy section */
		D3049F6A218DF08B00805854 /* PBXContainerItemProxy */ = {
			isa = PBXContainerItemProxy;
			containerPortal = D3049F4D218DF08500805854 /* Project object */;
			proxyType = 1;
			remoteGlobalIDString = D3049F54218DF08500805854;
			remoteInfo = Sample01;
		};
		D3049F75218DF08B00805854 /* PBXContainerItemProxy */ = {
			isa = PBXContainerItemProxy;
			containerPortal = D3049F4D218DF08500805854 /* Project object */;
			proxyType = 1;
			remoteGlobalIDString = D3049F54218DF08500805854;
			remoteInfo = Sample01;
		};
/* End PBXContainerItemProxy section */

/* Begin PBXFileReference section */
		D3049F55218DF08600805854 /* Sample01.app */ = {isa = PBXFileReference; explicitFileType = wrapper.application; includeInIndex = 0; path = Sample01.app; sourceTree = BUILT_PRODUCTS_DIR; };
		D3049F58218DF08600805854 /* AppDelegate.swift */ = {isa = PBXFileReference; lastKnownFileType = sourcecode.swift; path = AppDelegate.swift; sourceTree = "<group>"; };
		D3049F5A218DF08600805854 /* ViewController.swift */ = {isa = PBXFileReference; lastKnownFileType = sourcecode.swift; path = ViewController.swift; sourceTree = "<group>"; };
		D3049F5D218DF08600805854 /* Base */ = {isa = PBXFileReference; lastKnownFileType = file.storyboard; name = Base; path = Base.lproj/Main.storyboard; sourceTree = "<group>"; };
		D3049F5F218DF08B00805854 /* Assets.xcassets */ = {isa = PBXFileReference; lastKnownFileType = folder.assetcatalog; path = Assets.xcassets; sourceTree = "<group>"; };
		D3049F62218DF08B00805854 /* Base */ = {isa = PBXFileReference; lastKnownFileType = file.storyboard; name = Base; path = Base.lproj/LaunchScreen.storyboard; sourceTree = "<group>"; };
		D3049F64218DF08B00805854 /* Info.plist */ = {isa = PBXFileReference; lastKnownFileType = text.plist.xml; path = Info.plist; sourceTree = "<group>"; };
		D3049F69218DF08B00805854 /* Sample01Tests.xctest */ = {isa = PBXFileReference; explicitFileType = wrapper.cfbundle; includeInIndex = 0; path = Sample01Tests.xctest; sourceTree = BUILT_PRODUCTS_DIR; };
		D3049F6D218DF08B00805854 /* Sample01Tests.swift */ = {isa = PBXFileReference; lastKnownFileType = sourcecode.swift; path = Sample01Tests.swift; sourceTree = "<group>"; };
		D3049F6F218DF08B00805854 /* Info.plist */ = {isa = PBXFileReference; lastKnownFileType = text.plist.xml; path = Info.plist; sourceTree = "<group>"; };
		D3049F74218DF08B00805854 /* Sample01UITests.xctest */ = {isa = PBXFileReference; explicitFileType = wrapper.cfbundle; includeInIndex = 0; path = Sample01UITests.xctest; sourceTree = BUILT_PRODUCTS_DIR; };
		D3049F78218DF08B00805854 /* Sample01UITests.swift */ = {isa = PBXFileReference; lastKnownFileType = sourcecode.swift; path = Sample01UITests.swift; sourceTree = "<group>"; };
		D3049F7A218DF08B00805854 /* Info.plist */ = {isa = PBXFileReference; lastKnownFileType = text.plist.xml; path = Info.plist; sourceTree = "<group>"; };
/* End PBXFileReference section */

/* Begin PBXFrameworksBuildPhase section */
		D3049F52218DF08500805854 /* Frameworks */ = {
			isa = PBXFrameworksBuildPhase;
			buildActionMask = 2147483647;
			files = (
			);
			runOnlyForDeploymentPostprocessing = 0;
		};
		D3049F66218DF08B00805854 /* Frameworks */ = {
			isa = PBXFrameworksBuildPhase;
			buildActionMask = 2147483647;
			files = (
			);
			runOnlyForDeploymentPostprocessing = 0;
		};
		D3049F71218DF08B00805854 /* Frameworks */ = {
			isa = PBXFrameworksBuildPhase;
			buildActionMask = 2147483647;
			files = (
			);
			runOnlyForDeploymentPostprocessing = 0;
		};
/* End PBXFrameworksBuildPhase section */

/* Begin PBXGroup section */
		D3049F4C218DF08500805854 = {
			isa = PBXGroup;
			children = (
				D3049F57218DF08600805854 /* Sample01 */,
				D3049F6C218DF08B00805854 /* Sample01Tests */,
				D3049F77218DF08B00805854 /* Sample01UITests */,
				D3049F56218DF08600805854 /* Products */,
			);
			sourceTree = "<group>";
		};
		D3049F56218DF08600805854 /* Products */ = {
			isa = PBXGroup;
			children = (
				D3049F55218DF08600805854 /* Sample01.app */,
				D3049F69218DF08B00805854 /* Sample01Tests.xctest */,
				D3049F74218DF08B00805854 /* Sample01UITests.xctest */,
			);
			name = Products;
			sourceTree = "<group>";
		};
		D3049F57218DF08600805854 /* Sample01 */ = {
			isa = PBXGroup;
			children = (
				D3049F58218DF08600805854 /* AppDelegate.swift */,
				D3049F5A218DF08600805854 /* ViewController.swift */,
				D3049F5C218DF08600805854 /* Main.storyboard */,
				D3049F5F218DF08B00805854 /* Assets.xcassets */,
				D3049F61218DF08B00805854 /* LaunchScreen.storyboard */,
				D3049F64218DF08B00805854 /* Info.plist */,
			);
			path = Sample01;
			sourceTree = "<group>";
		};
		D3049F6C218DF08B00805854 /* Sample01Tests */ = {
			isa = PBXGroup;
			children = (
				D3049F6D218DF08B00805854 /* Sample01Tests.swift */,
				D3049F6F218DF08B00805854 /* Info.plist */,
			);
			path = Sample01Tests;
			sourceTree = "<group>";
		};
		D3049F77218DF08B00805854 /* Sample01UITests */ = {
			isa = PBXGroup;
			children = (
				D3049F78218DF08B00805854 /* Sample01UITests.swift */,
				D3049F7A218DF08B00805854 /* Info.plist */,
			);
			path = Sample01UITests;
			sourceTree = "<group>";
		};
/* End PBXGroup section */

/* Begin PBXNativeTarget section */
		D3049F54218DF08500805854 /* Sample01 */ = {
			isa = PBXNativeTarget;
			buildConfigurationList = D3049F7D218DF08B00805854 /* Build configuration list for PBXNativeTarget "Sample01" */;
			buildPhases = (
				D3049F51218DF08500805854 /* Sources */,
				D3049F52218DF08500805854 /* Frameworks */,
				D3049F53218DF08500805854 /* Resources */,
			);
			buildRules = (
			);
			dependencies = (
			);
			name = Sample01;
			productName = Sample01;
			productReference = D3049F55218DF08600805854 /* Sample01.app */;
			productType = "com.apple.product-type.application";
		};
		D3049F68218DF08B00805854 /* Sample01Tests */ = {
			isa = PBXNativeTarget;
			buildConfigurationList = D3049F80218DF08B00805854 /* Build configuration list for PBXNativeTarget "Sample01Tests" */;
			buildPhases = (
				D3049F65218DF08B00805854 /* Sources */,
				D3049F66218DF08B00805854 /* Frameworks */,
				D3049F67218DF08B00805854 /* Resources */,
			);
			buildRules = (
			);
			dependencies = (
				D3049F6B218DF08B00805854 /* PBXTargetDependency */,
			);
			name = Sample01Tests;
			productName = Sample01Tests;
			productReference = D3049F69218DF08B00805854 /* Sample01Tests.xctest */;
			productType = "com.apple.product-type.bundle.unit-test";
		};
		D3049F73218DF08B00805854 /* Sample01UITests */ = {
			isa = PBXNativeTarget;
			buildConfigurationList = D3049F83218DF08B00805854 /* Build configuration list for PBXNativeTarget "Sample01UITests" */;
			buildPhases = (
				D3049F70218DF08B00805854 /* Sources */,
				D3049F71218DF08B00805854 /* Frameworks */,
				D3049F72218DF08B00805854 /* Resources */,
			);
			buildRules = (
			);
			dependencies = (
				D3049F76218DF08B00805854 /* PBXTargetDependency */,
			);
			name = Sample01UITests;
			productName = Sample01UITests;
			productReference = D3049F74218DF08B00805854 /* Sample01UITests.xctest */;
			productType = "com.apple.product-type.bundle.ui-testing";
		};
/* End PBXNativeTarget section */

/* Begin PBXProject section */
		D3049F4D218DF08500805854 /* Project object */ = {
			isa = PBXProject;
			attributes = {
				LastSwiftUpdateCheck = 1010;
				LastUpgradeCheck = 1010;
				ORGANIZATIONNAME = "สรรพวัศ ซิ่วสุวรรณ";
				TargetAttributes = {
					D3049F54218DF08500805854 = {
						CreatedOnToolsVersion = 10.1;
					};
					D3049F68218DF08B00805854 = {
						CreatedOnToolsVersion = 10.1;
						TestTargetID = D3049F54218DF08500805854;
					};
					D3049F73218DF08B00805854 = {
						CreatedOnToolsVersion = 10.1;
						TestTargetID = D3049F54218DF08500805854;
					};
				};
			};
			buildConfigurationList = D3049F50218DF08500805854 /* Build configuration list for PBXProject "Sample01" */;
			compatibilityVersion = "Xcode 9.3";
			developmentRegion = en;
			hasScannedForEncodings = 0;
			knownRegions = (
				en,
				Base,
			);
			mainGroup = D3049F4C218DF08500805854;
			productRefGroup = D3049F56218DF08600805854 /* Products */;
			projectDirPath = "";
			projectRoot = "";
			targets = (
				D3049F54218DF08500805854 /* Sample01 */,
				D3049F68218DF08B00805854 /* Sample01Tests */,
				D3049F73218DF08B00805854 /* Sample01UITests */,
			);
		};
/* End PBXProject section */

/* Begin PBXResourcesBuildPhase section */
		D3049F53218DF08500805854 /* Resources */ = {
			isa = PBXResourcesBuildPhase;
			buildActionMask = 2147483647;
			files = (
				D3049F63218DF08B00805854 /* LaunchScreen.storyboard in Resources */,
				D3049F60218DF08B00805854 /* Assets.xcassets in Resources */,
				D3049F5E218DF08600805854 /* Main.storyboard in Resources */,
			);
			runOnlyForDeploymentPostprocessing = 0;
		};
		D3049F67218DF08B00805854 /* Resources */ = {
			isa = PBXResourcesBuildPhase;
			buildActionMask = 2147483647;
			files = (
			);
			runOnlyForDeploymentPostprocessing = 0;
		};
		D3049F72218DF08B00805854 /* Resources */ = {
			isa = PBXResourcesBuildPhase;
			buildActionMask = 2147483647;
			files = (
			);
			runOnlyForDeploymentPostprocessing = 0;
		};
/* End PBXResourcesBuildPhase section */

/* Begin PBXSourcesBuildPhase section */
		D3049F51218DF08500805854 /* Sources */ = {
			isa = PBXSourcesBuildPhase;
			buildActionMask = 2147483647;
			files = (
				D3049F5B218DF08600805854 /* ViewController.swift in Sources */,
				D3049F59218DF08600805854 /* AppDelegate.swift in Sources */,
			);
			runOnlyForDeploymentPostprocessing = 0;
		};
		D3049F65218DF08B00805854 /* Sources */ = {
			isa = PBXSourcesBuildPhase;
			buildActionMask = 2147483647;
			files = (
				D3049F6E218DF08B00805854 /* Sample01Tests.swift in Sources */,
			);
			runOnlyForDeploymentPostprocessing = 0;
		};
		D3049F70218DF08B00805854 /* Sources */ = {
			isa = PBXSourcesBuildPhase;
			buildActionMask = 2147483647;
			files = (
				D3049F79218DF08B00805854 /* Sample01UITests.swift in Sources */,
			);
			runOnlyForDeploymentPostprocessing = 0;
		};
/* End PBXSourcesBuildPhase section */

/* Begin PBXTargetDependency section */
		D3049F6B218DF08B00805854 /* PBXTargetDependency */ = {
			isa = PBXTargetDependency;
			target = D3049F54218DF08500805854 /* Sample01 */;
			targetProxy = D3049F6A218DF08B00805854 /* PBXContainerItemProxy */;
		};
		D3049F76218DF08B00805854 /* PBXTargetDependency */ = {
			isa = PBXTargetDependency;
			target = D3049F54218DF08500805854 /* Sample01 */;
			targetProxy = D3049F75218DF08B00805854 /* PBXContainerItemProxy */;
		};
/* End PBXTargetDependency section */

/* Begin PBXVariantGroup section */
		D3049F5C218DF08600805854 /* Main.storyboard */ = {
			isa = PBXVariantGroup;
			children = (
				D3049F5D218DF08600805854 /* Base */,
			);
			name = Main.storyboard;
			sourceTree = "<group>";
		};
		D3049F61218DF08B00805854 /* LaunchScreen.storyboard */ = {
			isa = PBXVariantGroup;
			children = (
				D3049F62218DF08B00805854 /* Base */,
			);
			name = LaunchScreen.storyboard;
			sourceTree = "<group>";
		};
/* End PBXVariantGroup section */

/* Begin XCBuildConfiguration section */
		D3049F7B218DF08B00805854 /* Debug */ = {
			isa = XCBuildConfiguration;
			buildSettings = {
				ALWAYS_SEARCH_USER_PATHS = NO;
				CLANG_ANALYZER_NONNULL = YES;
				CLANG_ANALYZER_NUMBER_OBJECT_CONVERSION = YES_AGGRESSIVE;
				CLANG_CXX_LANGUAGE_STANDARD = "gnu++14";
				CLANG_CXX_LIBRARY = "libc++";
				CLANG_ENABLE_MODULES = YES;
				CLANG_ENABLE_OBJC_ARC = YES;
				CLANG_ENABLE_OBJC_WEAK = YES;
				CLANG_WARN_BLOCK_CAPTURE_AUTORELEASING = YES;
				CLANG_WARN_BOOL_CONVERSION = YES;
				CLANG_WARN_COMMA = YES;
				CLANG_WARN_CONSTANT_CONVERSION = YES;
				CLANG_WARN_DEPRECATED_OBJC_IMPLEMENTATIONS = YES;
				CLANG_WARN_DIRECT_OBJC_ISA_USAGE = YES_ERROR;
				CLANG_WARN_DOCUMENTATION_COMMENTS = YES;
				CLANG_WARN_EMPTY_BODY = YES;
				CLANG_WARN_ENUM_CONVERSION = YES;
				CLANG_WARN_INFINITE_RECURSION = YES;
				CLANG_WARN_INT_CONVERSION = YES;
				CLANG_WARN_NON_LITERAL_NULL_CONVERSION = YES;
				CLANG_WARN_OBJC_IMPLICIT_RETAIN_SELF = YES;
				CLANG_WARN_OBJC_LITERAL_CONVERSION = YES;
				CLANG_WARN_OBJC_ROOT_CLASS = YES_ERROR;
				CLANG_WARN_RANGE_LOOP_ANALYSIS = YES;
				CLANG_WARN_STRICT_PROTOTYPES = YES;
				CLANG_WARN_SUSPICIOUS_MOVE = YES;
				CLANG_WARN_UNGUARDED_AVAILABILITY = YES_AGGRESSIVE;
				CLANG_WARN_UNREACHABLE_CODE = YES;
				CLANG_WARN__DUPLICATE_METHOD_MATCH = YES;
				CODE_SIGN_IDENTITY = "iPhone Developer";
				COPY_PHASE_STRIP = NO;
				DEBUG_INFORMATION_FORMAT = dwarf;
				ENABLE_STRICT_OBJC_MSGSEND = YES;
				ENABLE_TESTABILITY = YES;
				GCC_C_LANGUAGE_STANDARD = gnu11;
				GCC_DYNAMIC_NO_PIC = NO;
				GCC_NO_COMMON_BLOCKS = YES;
				GCC_OPTIMIZATION_LEVEL = 0;
				GCC_PREPROCESSOR_DEFINITIONS = (
					"DEBUG=1",
					"$(inherited)",
				);
				GCC_WARN_64_TO_32_BIT_CONVERSION = YES;
				GCC_WARN_ABOUT_RETURN_TYPE = YES_ERROR;
				GCC_WARN_UNDECLARED_SELECTOR = YES;
				GCC_WARN_UNINITIALIZED_AUTOS = YES_AGGRESSIVE;
				GCC_WARN_UNUSED_FUNCTION = YES;
				GCC_WARN_UNUSED_VARIABLE = YES;
				IPHONEOS_DEPLOYMENT_TARGET = 12.1;
				MTL_ENABLE_DEBUG_INFO = INCLUDE_SOURCE;
				MTL_FAST_MATH = YES;
				ONLY_ACTIVE_ARCH = YES;
				SDKROOT = iphoneos;
				SWIFT_ACTIVE_COMPILATION_CONDITIONS = DEBUG;
				SWIFT_OPTIMIZATION_LEVEL = "-Onone";
			};
			name = Debug;
		};
		D3049F7C218DF08B00805854 /* Release */ = {
			isa = XCBuildConfiguration;
			buildSettings = {
				ALWAYS_SEARCH_USER_PATHS = NO;
				CLANG_ANALYZER_NONNULL = YES;
				CLANG_ANALYZER_NUMBER_OBJECT_CONVERSION = YES_AGGRESSIVE;
				CLANG_CXX_LANGUAGE_STANDARD = "gnu++14";
				CLANG_CXX_LIBRARY = "libc++";
				CLANG_ENABLE_MODULES = YES;
				CLANG_ENABLE_OBJC_ARC = YES;
				CLANG_ENABLE_OBJC_WEAK = YES;
				CLANG_WARN_BLOCK_CAPTURE_AUTORELEASING = YES;
				CLANG_WARN_BOOL_CONVERSION = YES;
				CLANG_WARN_COMMA = YES;
				CLANG_WARN_CONSTANT_CONVERSION = YES;
				CLANG_WARN_DEPRECATED_OBJC_IMPLEMENTATIONS = YES;
				CLANG_WARN_DIRECT_OBJC_ISA_USAGE = YES_ERROR;
				CLANG_WARN_DOCUMENTATION_COMMENTS = YES;
				CLANG_WARN_EMPTY_BODY = YES;
				CLANG_WARN_ENUM_CONVERSION = YES;
				CLANG_WARN_INFINITE_RECURSION = YES;
				CLANG_WARN_INT_CONVERSION = YES;
				CLANG_WARN_NON_LITERAL_NULL_CONVERSION = YES;
				CLANG_WARN_OBJC_IMPLICIT_RETAIN_SELF = YES;
				CLANG_WARN_OBJC_LITERAL_CONVERSION = YES;
				CLANG_WARN_OBJC_ROOT_CLASS = YES_ERROR;
				CLANG_WARN_RANGE_LOOP_ANALYSIS = YES;
				CLANG_WARN_STRICT_PROTOTYPES = YES;
				CLANG_WARN_SUSPICIOUS_MOVE = YES;
				CLANG_WARN_UNGUARDED_AVAILABILITY = YES_AGGRESSIVE;
				CLANG_WARN_UNREACHABLE_CODE = YES;
				CLANG_WARN__DUPLICATE_METHOD_MATCH = YES;
				CODE_SIGN_IDENTITY = "iPhone Developer";
				COPY_PHASE_STRIP = NO;
				DEBUG_INFORMATION_FORMAT = "dwarf-with-dsym";
				ENABLE_NS_ASSERTIONS = NO;
				ENABLE_STRICT_OBJC_MSGSEND = YES;
				GCC_C_LANGUAGE_STANDARD = gnu11;
				GCC_NO_COMMON_BLOCKS = YES;
				GCC_WARN_64_TO_32_BIT_CONVERSION = YES;
				GCC_WARN_ABOUT_RETURN_TYPE = YES_ERROR;
				GCC_WARN_UNDECLARED_SELECTOR = YES;
				GCC_WARN_UNINITIALIZED_AUTOS = YES_AGGRESSIVE;
				GCC_WARN_UNUSED_FUNCTION = YES;
				GCC_WARN_UNUSED_VARIABLE = YES;
				IPHONEOS_DEPLOYMENT_TARGET = 12.1;
				MTL_ENABLE_DEBUG_INFO = NO;
				MTL_FAST_MATH = YES;
				SDKROOT = iphoneos;
				SWIFT_COMPILATION_MODE = wholemodule;
				SWIFT_OPTIMIZATION_LEVEL = "-O";
				VALIDATE_PRODUCT = YES;
			};
			name = Release;
		};
		D3049F7E218DF08B00805854 /* Debug */ = {
			isa = XCBuildConfiguration;
			buildSettings = {
				ASSETCATALOG_COMPILER_APPICON_NAME = AppIcon;
				CODE_SIGN_STYLE = Automatic;
				DEVELOPMENT_TEAM = 8JV6WJXYQU;
				INFOPLIST_FILE = Sample01/Info.plist;
				LD_RUNPATH_SEARCH_PATHS = (
					"$(inherited)",
					"@executable_path/Frameworks",
				);
				PRODUCT_BUNDLE_IDENTIFIER = au.edu.u6113187.Sample01;
				PRODUCT_NAME = "$(TARGET_NAME)";
				SWIFT_VERSION = 4.2;
				TARGETED_DEVICE_FAMILY = "1,2";
			};
			name = Debug;
		};
		D3049F7F218DF08B00805854 /* Release */ = {
			isa = XCBuildConfiguration;
			buildSettings = {
				ASSETCATALOG_COMPILER_APPICON_NAME = AppIcon;
				CODE_SIGN_STYLE = Automatic;
				DEVELOPMENT_TEAM = 8JV6WJXYQU;
				INFOPLIST_FILE = Sample01/Info.plist;
				LD_RUNPATH_SEARCH_PATHS = (
					"$(inherited)",
					"@executable_path/Frameworks",
				);
				PRODUCT_BUNDLE_IDENTIFIER = au.edu.u6113187.Sample01;
				PRODUCT_NAME = "$(TARGET_NAME)";
				SWIFT_VERSION = 4.2;
				TARGETED_DEVICE_FAMILY = "1,2";
			};
			name = Release;
		};
		D3049F81218DF08B00805854 /* Debug */ = {
			isa = XCBuildConfiguration;
			buildSettings = {
				ALWAYS_EMBED_SWIFT_STANDARD_LIBRARIES = YES;
				BUNDLE_LOADER = "$(TEST_HOST)";
				CODE_SIGN_STYLE = Automatic;
				DEVELOPMENT_TEAM = 8JV6WJXYQU;
				INFOPLIST_FILE = Sample01Tests/Info.plist;
				LD_RUNPATH_SEARCH_PATHS = (
					"$(inherited)",
					"@executable_path/Frameworks",
					"@loader_path/Frameworks",
				);
				PRODUCT_BUNDLE_IDENTIFIER = au.edu.u6113187.Sample01Tests;
				PRODUCT_NAME = "$(TARGET_NAME)";
				SWIFT_VERSION = 4.2;
				TARGETED_DEVICE_FAMILY = "1,2";
				TEST_HOST = "$(BUILT_PRODUCTS_DIR)/Sample01.app/Sample01";
			};
			name = Debug;
		};
		D3049F82218DF08B00805854 /* Release */ = {
			isa = XCBuildConfiguration;
			buildSettings = {
				ALWAYS_EMBED_SWIFT_STANDARD_LIBRARIES = YES;
				BUNDLE_LOADER = "$(TEST_HOST)";
				CODE_SIGN_STYLE = Automatic;
				DEVELOPMENT_TEAM = 8JV6WJXYQU;
				INFOPLIST_FILE = Sample01Tests/Info.plist;
				LD_RUNPATH_SEARCH_PATHS = (
					"$(inherited)",
					"@executable_path/Frameworks",
					"@loader_path/Frameworks",
				);
				PRODUCT_BUNDLE_IDENTIFIER = au.edu.u6113187.Sample01Tests;
				PRODUCT_NAME = "$(TARGET_NAME)";
				SWIFT_VERSION = 4.2;
				TARGETED_DEVICE_FAMILY = "1,2";
				TEST_HOST = "$(BUILT_PRODUCTS_DIR)/Sample01.app/Sample01";
			};
			name = Release;
		};
		D3049F84218DF08B00805854 /* Debug */ = {
			isa = XCBuildConfiguration;
			buildSettings = {
				ALWAYS_EMBED_SWIFT_STANDARD_LIBRARIES = YES;
				CODE_SIGN_STYLE = Automatic;
				DEVELOPMENT_TEAM = 8JV6WJXYQU;
				INFOPLIST_FILE = Sample01UITests/Info.plist;
				LD_RUNPATH_SEARCH_PATHS = (
					"$(inherited)",
					"@executable_path/Frameworks",
					"@loader_path/Frameworks",
				);
				PRODUCT_BUNDLE_IDENTIFIER = au.edu.u6113187.Sample01UITests;
				PRODUCT_NAME = "$(TARGET_NAME)";
				SWIFT_VERSION = 4.2;
				TARGETED_DEVICE_FAMILY = "1,2";
				TEST_TARGET_NAME = Sample01;
			};
			name = Debug;
		};
		D3049F85218DF08B00805854 /* Release */ = {
			isa = XCBuildConfiguration;
			buildSettings = {
				ALWAYS_EMBED_SWIFT_STANDARD_LIBRARIES = YES;
				CODE_SIGN_STYLE = Automatic;
				DEVELOPMENT_TEAM = 8JV6WJXYQU;
				INFOPLIST_FILE = Sample01UITests/Info.plist;
				LD_RUNPATH_SEARCH_PATHS = (
					"$(inherited)",
					"@executable_path/Frameworks",
					"@loader_path/Frameworks",
				);
				PRODUCT_BUNDLE_IDENTIFIER = au.edu.u6113187.Sample01UITests;
				PRODUCT_NAME = "$(TARGET_NAME)";
				SWIFT_VERSION = 4.2;
				TARGETED_DEVICE_FAMILY = "1,2";
				TEST_TARGET_NAME = Sample01;
			};
			name = Release;
		};
/* End XCBuildConfiguration section */

/* Begin XCConfigurationList section */
		D3049F50218DF08500805854 /* Build configuration list for PBXProject "Sample01" */ = {
			isa = XCConfigurationList;
			buildConfigurations = (
				D3049F7B218DF08B00805854 /* Debug */,
				D3049F7C218DF08B00805854 /* Release */,
			);
			defaultConfigurationIsVisible = 0;
			defaultConfigurationName = Release;
		};
		D3049F7D218DF08B00805854 /* Build configuration list for PBXNativeTarget "Sample01" */ = {
			isa = XCConfigurationList;
			buildConfigurations = (
				D3049F7E218DF08B00805854 /* Debug */,
				D3049F7F218DF08B00805854 /* Release */,
			);
			defaultConfigurationIsVisible = 0;
			defaultConfigurationName = Release;
		};
		D3049F80218DF08B00805854 /* Build configuration list for PBXNativeTarget "Sample01Tests" */ = {
			isa = XCConfigurationList;
			buildConfigurations = (
				D3049F81218DF08B00805854 /* Debug */,
				D3049F82218DF08B00805854 /* Release */,
			);
			defaultConfigurationIsVisible = 0;
			defaultConfigurationName = Release;
		};
		D3049F83218DF08B00805854 /* Build configuration list for PBXNativeTarget "Sample01UITests" */ = {
			isa = XCConfigurationList;
			buildConfigurations = (
				D3049F84218DF08B00805854 /* Debug */,
				D3049F85218DF08B00805854 /* Release */,
			);
			defaultConfigurationIsVisible = 0;
			defaultConfigurationName = Release;
		};
/* End XCConfigurationList section */
	};
	rootObject = D3049F4D218DF08500805854 /* Project object */;
}
